
Microsoft Visual Studio Solution File, Format Version 12.00
# Visual Studio Version 17
VisualStudioVersion = 17.3.32811.315
MinimumVisualStudioVersion = 10.0.40219.1
Project("{FAE04EC0-301F-11D3-BF4B-00C04F79EFBC}") = "PASCUA_LabActivity", "PASCUA_LabActivity\PASCUA_LabActivity.csproj", "{87530A24-4A24-4D52-AF10-213E3D42C174}"
EndProject
Global
	GlobalSection(SolutionConfigurationPlatforms) = preSolution
		Debug|Any CPU = Debug|Any CPU
		Release|Any CPU = Release|Any CPU
	EndGlobalSection
	GlobalSection(ProjectConfigurationPlatforms) = postSolution
		{87530A24-4A24-4D52-AF10-213E3D42C174}.Debug|Any CPU.ActiveCfg = Debug|Any CPU
		{87530A24-4A24-4D52-AF10-213E3D42C174}.Debug|Any CPU.Build.0 = Debug|Any CPU
		{87530A24-4A24-4D52-AF10-213E3D42C174}.Release|Any CPU.ActiveCfg = Release|Any CPU
		{87530A24-4A24-4D52-AF10-213E3D42C174}.Release|Any CPU.Build.0 = Release|Any CPU
	EndGlobalSection
	GlobalSection(SolutionProperties) = preSolution
		HideSolutionNode = FALSE
	EndGlobalSection
	GlobalSection(ExtensibilityGlobals) = postSolution
		SolutionGuid = {2CB010FE-5CC9-48F4-9966-FED63DE64FCF}
	EndGlobalSection
EndGlobal
