
Microsoft Visual Studio Solution File, Format Version 12.00
# Visual Studio Version 17
VisualStudioVersion = 17.3.32811.315
MinimumVisualStudioVersion = 10.0.40219.1
Project("{FAE04EC0-301F-11D3-BF4B-00C04F79EFBC}") = "Lecture2", "Lecture2\Lecture2.csproj", "{F6C71136-A6E7-4773-988C-468E89F64777}"
EndProject
Global
	GlobalSection(SolutionConfigurationPlatforms) = preSolution
		Debug|Any CPU = Debug|Any CPU
		Release|Any CPU = Release|Any CPU
	EndGlobalSection
	GlobalSection(ProjectConfigurationPlatforms) = postSolution
		{F6C71136-A6E7-4773-988C-468E89F64777}.Debug|Any CPU.ActiveCfg = Debug|Any CPU
		{F6C71136-A6E7-4773-988C-468E89F64777}.Debug|Any CPU.Build.0 = Debug|Any CPU
		{F6C71136-A6E7-4773-988C-468E89F64777}.Release|Any CPU.ActiveCfg = Release|Any CPU
		{F6C71136-A6E7-4773-988C-468E89F64777}.Release|Any CPU.Build.0 = Release|Any CPU
	EndGlobalSection
	GlobalSection(SolutionProperties) = preSolution
		HideSolutionNode = FALSE
	EndGlobalSection
	GlobalSection(ExtensibilityGlobals) = postSolution
		SolutionGuid = {F31D1203-E31E-4276-A0E5-250359E12731}
	EndGlobalSection
EndGlobal
